
Microsoft Visual Studio Solution File, Format Version 12.00
# Visual Studio Version 16
VisualStudioVersion = 16.0.31613.86
MinimumVisualStudioVersion = 10.0.40219.1
Project("{FAE04EC0-301F-11D3-BF4B-00C04F79EFBC}") = "UnlockPattern2", "UnlockPattern2.csproj", "{1ADC3FD4-3446-4C8F-BB34-34AB74972B7E}"
EndProject
Global
	GlobalSection(SolutionConfigurationPlatforms) = preSolution
		Debug|Any CPU = Debug|Any CPU
		Release|Any CPU = Release|Any CPU
	EndGlobalSection
	GlobalSection(ProjectConfigurationPlatforms) = postSolution
		{1ADC3FD4-3446-4C8F-BB34-34AB74972B7E}.Debug|Any CPU.ActiveCfg = Debug|Any CPU
		{1ADC3FD4-3446-4C8F-BB34-34AB74972B7E}.Debug|Any CPU.Build.0 = Debug|Any CPU
		{1ADC3FD4-3446-4C8F-BB34-34AB74972B7E}.Release|Any CPU.ActiveCfg = Release|Any CPU
		{1ADC3FD4-3446-4C8F-BB34-34AB74972B7E}.Release|Any CPU.Build.0 = Release|Any CPU
	EndGlobalSection
	GlobalSection(SolutionProperties) = preSolution
		HideSolutionNode = FALSE
	EndGlobalSection
	GlobalSection(ExtensibilityGlobals) = postSolution
		SolutionGuid = {132DF440-9E01-44F4-9FCE-F92A988153D2}
	EndGlobalSection
EndGlobal
